
Microsoft Visual Studio Solution File, Format Version 12.00
# Visual Studio 15
VisualStudioVersion = 15.0.26730.16
MinimumVisualStudioVersion = 10.0.40219.1
Project("{FAE04EC0-301F-11D3-BF4B-00C04F79EFBC}") = "TFinanceiro", "TFinanceiro\TFinanceiro.csproj", "{BE1732ED-CE0B-46A7-AE67-580278BBC067}"
EndProject
Global
	GlobalSection(SolutionConfigurationPlatforms) = preSolution
		Debug|Any CPU = Debug|Any CPU
		Release|Any CPU = Release|Any CPU
	EndGlobalSection
	GlobalSection(ProjectConfigurationPlatforms) = postSolution
		{BE1732ED-CE0B-46A7-AE67-580278BBC067}.Debug|Any CPU.ActiveCfg = Debug|Any CPU
		{BE1732ED-CE0B-46A7-AE67-580278BBC067}.Debug|Any CPU.Build.0 = Debug|Any CPU
		{BE1732ED-CE0B-46A7-AE67-580278BBC067}.Debug|Any CPU.Deploy.0 = Debug|Any CPU
		{BE1732ED-CE0B-46A7-AE67-580278BBC067}.Release|Any CPU.ActiveCfg = Release|Any CPU
		{BE1732ED-CE0B-46A7-AE67-580278BBC067}.Release|Any CPU.Build.0 = Release|Any CPU
		{BE1732ED-CE0B-46A7-AE67-580278BBC067}.Release|Any CPU.Deploy.0 = Release|Any CPU
	EndGlobalSection
	GlobalSection(SolutionProperties) = preSolution
		HideSolutionNode = FALSE
	EndGlobalSection
	GlobalSection(ExtensibilityGlobals) = postSolution
		SolutionGuid = {FBD3987E-1136-46B7-B83D-55BA73884BD1}
	EndGlobalSection
EndGlobal
